
Microsoft Visual Studio Solution File, Format Version 12.00
# Visual Studio 2012
Project("{FAE04EC0-301F-11D3-BF4B-00C04F79EFBC}") = "SQL-Example", "SQL-Example\SQL-Example.csproj", "{2414DDFC-128E-4D10-8920-068A50AE2AB1}"
EndProject
Global
	GlobalSection(SolutionConfigurationPlatforms) = preSolution
		Debug|iPhoneSimulator = Debug|iPhoneSimulator
		Release|iPhone = Release|iPhone
		Release|iPhoneSimulator = Release|iPhoneSimulator
		Debug|iPhone = Debug|iPhone
	EndGlobalSection
	GlobalSection(ProjectConfigurationPlatforms) = postSolution
		{2414DDFC-128E-4D10-8920-068A50AE2AB1}.Debug|iPhoneSimulator.ActiveCfg = Debug|iPhoneSimulator
		{2414DDFC-128E-4D10-8920-068A50AE2AB1}.Debug|iPhoneSimulator.Build.0 = Debug|iPhoneSimulator
		{2414DDFC-128E-4D10-8920-068A50AE2AB1}.Release|iPhone.ActiveCfg = Release|iPhone
		{2414DDFC-128E-4D10-8920-068A50AE2AB1}.Release|iPhone.Build.0 = Release|iPhone
		{2414DDFC-128E-4D10-8920-068A50AE2AB1}.Release|iPhoneSimulator.ActiveCfg = Release|iPhoneSimulator
		{2414DDFC-128E-4D10-8920-068A50AE2AB1}.Release|iPhoneSimulator.Build.0 = Release|iPhoneSimulator
		{2414DDFC-128E-4D10-8920-068A50AE2AB1}.Debug|iPhone.ActiveCfg = Debug|iPhone
		{2414DDFC-128E-4D10-8920-068A50AE2AB1}.Debug|iPhone.Build.0 = Debug|iPhone
	EndGlobalSection
EndGlobal
